// !$*UTF8*$!
{
	archiveVersion = 1;
	classes = {
	};
	objectVersion = 46;
	objects = {

/* Begin PBXBuildFile section */
		BC06C4D41B3427D200CA6D44 /* TerminalView.swift in Sources */ = {isa = PBXBuildFile; fileRef = BC06C4D31B3427D200CA6D44 /* TerminalView.swift */; };
		BC4088511B62542B00E54711 /* SessionProfile.swift in Sources */ = {isa = PBXBuildFile; fileRef = BC4088501B62542B00E54711 /* SessionProfile.swift */; };
		BC40BCDD1B62558A007D9FF9 /* SessionProfileTests.swift in Sources */ = {isa = PBXBuildFile; fileRef = BC40BCDC1B62558A007D9FF9 /* SessionProfileTests.swift */; };
		BC40BCDE1B62565D007D9FF9 /* SessionProfile.swift in Sources */ = {isa = PBXBuildFile; fileRef = BC4088501B62542B00E54711 /* SessionProfile.swift */; };
		BC40BCE01B625A4E007D9FF9 /* SessionProfileManager.swift in Sources */ = {isa = PBXBuildFile; fileRef = BC40BCDF1B625A4E007D9FF9 /* SessionProfileManager.swift */; };
		BC40BCE11B625A4E007D9FF9 /* SessionProfileManager.swift in Sources */ = {isa = PBXBuildFile; fileRef = BC40BCDF1B625A4E007D9FF9 /* SessionProfileManager.swift */; };
		BC40BCE71B626F73007D9FF9 /* local.lit in Resources */ = {isa = PBXBuildFile; fileRef = BC40BCE41B626F73007D9FF9 /* local.lit */; };
		BC40BCE81B626F73007D9FF9 /* ssh.lit in Resources */ = {isa = PBXBuildFile; fileRef = BC40BCE51B626F73007D9FF9 /* ssh.lit */; };
		BC40BCE91B626F73007D9FF9 /* telnet.lit in Resources */ = {isa = PBXBuildFile; fileRef = BC40BCE61B626F73007D9FF9 /* telnet.lit */; };
		BC40BCEB1B663D3F007D9FF9 /* SessionProfileManagerTests.swift in Sources */ = {isa = PBXBuildFile; fileRef = BC40BCEA1B663D3F007D9FF9 /* SessionProfileManagerTests.swift */; };
		BC4BB5FD1B4FEAE500D2956A /* SessionDetailWindowController.swift in Sources */ = {isa = PBXBuildFile; fileRef = BC4BB5FB1B4FEAE500D2956A /* SessionDetailWindowController.swift */; };
		BC56D4221BA0871F009AA7AB /* BaseProfile.swift in Sources */ = {isa = PBXBuildFile; fileRef = BC56D4211BA0871F009AA7AB /* BaseProfile.swift */; };
		BC56D4231BA0871F009AA7AB /* BaseProfile.swift in Sources */ = {isa = PBXBuildFile; fileRef = BC56D4211BA0871F009AA7AB /* BaseProfile.swift */; };
		BC56D4251BA08BB9009AA7AB /* DefaultProfile.swift in Sources */ = {isa = PBXBuildFile; fileRef = BC56D4241BA08BB9009AA7AB /* DefaultProfile.swift */; };
		BC56D4261BA08BB9009AA7AB /* DefaultProfile.swift in Sources */ = {isa = PBXBuildFile; fileRef = BC56D4241BA08BB9009AA7AB /* DefaultProfile.swift */; };
		BC56D4281BA099A6009AA7AB /* DefaultProfileTests.swift in Sources */ = {isa = PBXBuildFile; fileRef = BC56D4271BA099A6009AA7AB /* DefaultProfileTests.swift */; };
		BC56D42A1BA09E82009AA7AB /* OptionProfile.swift in Sources */ = {isa = PBXBuildFile; fileRef = BC56D4291BA09E82009AA7AB /* OptionProfile.swift */; };
		BC56D42B1BA09E82009AA7AB /* OptionProfile.swift in Sources */ = {isa = PBXBuildFile; fileRef = BC56D4291BA09E82009AA7AB /* OptionProfile.swift */; };
		BC56D42D1BA49C12009AA7AB /* OptionProfileTests.swift in Sources */ = {isa = PBXBuildFile; fileRef = BC56D42C1BA49C12009AA7AB /* OptionProfileTests.swift */; };
		BC56D4301BA49E14009AA7AB /* PathUtils.swift in Sources */ = {isa = PBXBuildFile; fileRef = BC56D42F1BA49E14009AA7AB /* PathUtils.swift */; };
		BC56D4341BA4A7F0009AA7AB /* TestPathUtils.swift in Sources */ = {isa = PBXBuildFile; fileRef = BC56D4321BA4A7F0009AA7AB /* TestPathUtils.swift */; };
		BC57DF081B46CA59008B7A75 /* SessionDetail.xib in Resources */ = {isa = PBXBuildFile; fileRef = BC57DF071B46CA59008B7A75 /* SessionDetail.xib */; };
		BC57DF0C1B46D307008B7A75 /* Session.swift in Sources */ = {isa = PBXBuildFile; fileRef = BC57DF0B1B46D307008B7A75 /* Session.swift */; };
		BC57DF101B46D650008B7A75 /* SessionDetailWindow.swift in Sources */ = {isa = PBXBuildFile; fileRef = BC57DF0F1B46D650008B7A75 /* SessionDetailWindow.swift */; };
		BCAE49851B8F3BC6008D8CBA /* SWXMLHash.swift in Sources */ = {isa = PBXBuildFile; fileRef = BCAE49841B8F3BC6008D8CBA /* SWXMLHash.swift */; };
		BCAE49861B8F3BF8008D8CBA /* SWXMLHash.swift in Sources */ = {isa = PBXBuildFile; fileRef = BCAE49841B8F3BC6008D8CBA /* SWXMLHash.swift */; };
		BCB66D021B3287EE008AFB75 /* AppDelegate.swift in Sources */ = {isa = PBXBuildFile; fileRef = BCB66D011B3287EE008AFB75 /* AppDelegate.swift */; };
		BCB66D041B3287EE008AFB75 /* Images.xcassets in Resources */ = {isa = PBXBuildFile; fileRef = BCB66D031B3287EE008AFB75 /* Images.xcassets */; };
		BCB66D071B3287EE008AFB75 /* MainMenu.xib in Resources */ = {isa = PBXBuildFile; fileRef = BCB66D051B3287EE008AFB75 /* MainMenu.xib */; };
		BCB66D131B3287EE008AFB75 /* lighttermTests.swift in Sources */ = {isa = PBXBuildFile; fileRef = BCB66D121B3287EE008AFB75 /* lighttermTests.swift */; };
		FAC1E2061BAC320A000CA886 /* LTTabViewController.swift in Sources */ = {isa = PBXBuildFile; fileRef = FAC1E2041BAC320A000CA886 /* LTTabViewController.swift */; };
		FAC1E2071BAC320A000CA886 /* LTTabViewController.xib in Resources */ = {isa = PBXBuildFile; fileRef = FAC1E2051BAC320A000CA886 /* LTTabViewController.xib */; };
		FAC1E20B1BAC328C000CA886 /* LTTabView.swift in Sources */ = {isa = PBXBuildFile; fileRef = FAC1E20A1BAC328C000CA886 /* LTTabView.swift */; };
		FAC1E20F1BAC334B000CA886 /* LTTabViewItem.swift in Sources */ = {isa = PBXBuildFile; fileRef = FAC1E20E1BAC334B000CA886 /* LTTabViewItem.swift */; };
		FAD6BBDC1B66505500C93AC4 /* Options.plist in Resources */ = {isa = PBXBuildFile; fileRef = FAD6BBDB1B66505500C93AC4 /* Options.plist */; };
		FAD6BBDE1B6651B000C93AC4 /* OptionManager.swift in Sources */ = {isa = PBXBuildFile; fileRef = FAD6BBDD1B6651B000C93AC4 /* OptionManager.swift */; };
		FADFC4141B62552B001A8124 /* Options.xib in Resources */ = {isa = PBXBuildFile; fileRef = FADFC4131B62552B001A8124 /* Options.xib */; };
		FADFC4161B6258B6001A8124 /* OptionWindowController.swift in Sources */ = {isa = PBXBuildFile; fileRef = FADFC4151B6258B6001A8124 /* OptionWindowController.swift */; };
/* End PBXBuildFile section */

/* Begin PBXContainerItemProxy section */
		BCB66D0D1B3287EE008AFB75 /* PBXContainerItemProxy */ = {
			isa = PBXContainerItemProxy;
			containerPortal = BCB66CF41B3287EE008AFB75 /* Project object */;
			proxyType = 1;
			remoteGlobalIDString = BCB66CFB1B3287EE008AFB75;
			remoteInfo = lightterm;
		};
/* End PBXContainerItemProxy section */

/* Begin PBXFileReference section */
		BC06C4D31B3427D200CA6D44 /* TerminalView.swift */ = {isa = PBXFileReference; fileEncoding = 4; lastKnownFileType = sourcecode.swift; path = TerminalView.swift; sourceTree = "<group>"; };
		BC4088501B62542B00E54711 /* SessionProfile.swift */ = {isa = PBXFileReference; fileEncoding = 4; lastKnownFileType = sourcecode.swift; path = SessionProfile.swift; sourceTree = "<group>"; };
		BC40BCDC1B62558A007D9FF9 /* SessionProfileTests.swift */ = {isa = PBXFileReference; fileEncoding = 4; lastKnownFileType = sourcecode.swift; path = SessionProfileTests.swift; sourceTree = "<group>"; };
		BC40BCDF1B625A4E007D9FF9 /* SessionProfileManager.swift */ = {isa = PBXFileReference; fileEncoding = 4; lastKnownFileType = sourcecode.swift; path = SessionProfileManager.swift; sourceTree = "<group>"; };
		BC40BCE41B626F73007D9FF9 /* local.lit */ = {isa = PBXFileReference; fileEncoding = 4; lastKnownFileType = text; path = local.lit; sourceTree = "<group>"; };
		BC40BCE51B626F73007D9FF9 /* ssh.lit */ = {isa = PBXFileReference; fileEncoding = 4; lastKnownFileType = text; path = ssh.lit; sourceTree = "<group>"; };
		BC40BCE61B626F73007D9FF9 /* telnet.lit */ = {isa = PBXFileReference; fileEncoding = 4; lastKnownFileType = text; path = telnet.lit; sourceTree = "<group>"; };
		BC40BCEA1B663D3F007D9FF9 /* SessionProfileManagerTests.swift */ = {isa = PBXFileReference; fileEncoding = 4; lastKnownFileType = sourcecode.swift; path = SessionProfileManagerTests.swift; sourceTree = "<group>"; };
		BC4BB5FB1B4FEAE500D2956A /* SessionDetailWindowController.swift */ = {isa = PBXFileReference; fileEncoding = 4; lastKnownFileType = sourcecode.swift; path = SessionDetailWindowController.swift; sourceTree = "<group>"; };
		BC56D4211BA0871F009AA7AB /* BaseProfile.swift */ = {isa = PBXFileReference; fileEncoding = 4; lastKnownFileType = sourcecode.swift; path = BaseProfile.swift; sourceTree = "<group>"; };
		BC56D4241BA08BB9009AA7AB /* DefaultProfile.swift */ = {isa = PBXFileReference; fileEncoding = 4; lastKnownFileType = sourcecode.swift; path = DefaultProfile.swift; sourceTree = "<group>"; };
		BC56D4271BA099A6009AA7AB /* DefaultProfileTests.swift */ = {isa = PBXFileReference; fileEncoding = 4; lastKnownFileType = sourcecode.swift; path = DefaultProfileTests.swift; sourceTree = "<group>"; };
		BC56D4291BA09E82009AA7AB /* OptionProfile.swift */ = {isa = PBXFileReference; fileEncoding = 4; lastKnownFileType = sourcecode.swift; path = OptionProfile.swift; sourceTree = "<group>"; };
		BC56D42C1BA49C12009AA7AB /* OptionProfileTests.swift */ = {isa = PBXFileReference; fileEncoding = 4; lastKnownFileType = sourcecode.swift; path = OptionProfileTests.swift; sourceTree = "<group>"; };
		BC56D42F1BA49E14009AA7AB /* PathUtils.swift */ = {isa = PBXFileReference; fileEncoding = 4; lastKnownFileType = sourcecode.swift; path = PathUtils.swift; sourceTree = "<group>"; };
		BC56D4321BA4A7F0009AA7AB /* TestPathUtils.swift */ = {isa = PBXFileReference; fileEncoding = 4; lastKnownFileType = sourcecode.swift; path = TestPathUtils.swift; sourceTree = "<group>"; };
		BC57DF071B46CA59008B7A75 /* SessionDetail.xib */ = {isa = PBXFileReference; fileEncoding = 4; lastKnownFileType = file.xib; path = SessionDetail.xib; sourceTree = "<group>"; };
		BC57DF0B1B46D307008B7A75 /* Session.swift */ = {isa = PBXFileReference; fileEncoding = 4; lastKnownFileType = sourcecode.swift; path = Session.swift; sourceTree = "<group>"; };
		BC57DF0F1B46D650008B7A75 /* SessionDetailWindow.swift */ = {isa = PBXFileReference; fileEncoding = 4; lastKnownFileType = sourcecode.swift; path = SessionDetailWindow.swift; sourceTree = "<group>"; };
		BCAE49831B8F3BC6008D8CBA /* SWXMLHash.h */ = {isa = PBXFileReference; fileEncoding = 4; lastKnownFileType = sourcecode.c.h; name = SWXMLHash.h; path = Library/SWXMLHash/Source/SWXMLHash.h; sourceTree = "<group>"; };
		BCAE49841B8F3BC6008D8CBA /* SWXMLHash.swift */ = {isa = PBXFileReference; fileEncoding = 4; lastKnownFileType = sourcecode.swift; name = SWXMLHash.swift; path = Library/SWXMLHash/Source/SWXMLHash.swift; sourceTree = "<group>"; };
		BCB66CFC1B3287EE008AFB75 /* lightterm.app */ = {isa = PBXFileReference; explicitFileType = wrapper.application; includeInIndex = 0; path = lightterm.app; sourceTree = BUILT_PRODUCTS_DIR; };
		BCB66D001B3287EE008AFB75 /* Info.plist */ = {isa = PBXFileReference; lastKnownFileType = text.plist.xml; path = Info.plist; sourceTree = "<group>"; };
		BCB66D011B3287EE008AFB75 /* AppDelegate.swift */ = {isa = PBXFileReference; lastKnownFileType = sourcecode.swift; path = AppDelegate.swift; sourceTree = "<group>"; };
		BCB66D031B3287EE008AFB75 /* Images.xcassets */ = {isa = PBXFileReference; lastKnownFileType = folder.assetcatalog; path = Images.xcassets; sourceTree = "<group>"; };
		BCB66D061B3287EE008AFB75 /* Base */ = {isa = PBXFileReference; lastKnownFileType = file.xib; name = Base; path = Base.lproj/MainMenu.xib; sourceTree = "<group>"; };
		BCB66D0C1B3287EE008AFB75 /* lighttermTests.xctest */ = {isa = PBXFileReference; explicitFileType = wrapper.cfbundle; includeInIndex = 0; path = lighttermTests.xctest; sourceTree = BUILT_PRODUCTS_DIR; };
		BCB66D111B3287EE008AFB75 /* Info.plist */ = {isa = PBXFileReference; lastKnownFileType = text.plist.xml; path = Info.plist; sourceTree = "<group>"; };
		BCB66D121B3287EE008AFB75 /* lighttermTests.swift */ = {isa = PBXFileReference; lastKnownFileType = sourcecode.swift; path = lighttermTests.swift; sourceTree = "<group>"; };
		FAC1E2041BAC320A000CA886 /* LTTabViewController.swift */ = {isa = PBXFileReference; fileEncoding = 4; lastKnownFileType = sourcecode.swift; path = LTTabViewController.swift; sourceTree = "<group>"; };
		FAC1E2051BAC320A000CA886 /* LTTabViewController.xib */ = {isa = PBXFileReference; fileEncoding = 4; lastKnownFileType = file.xib; path = LTTabViewController.xib; sourceTree = "<group>"; };
		FAC1E20A1BAC328C000CA886 /* LTTabView.swift */ = {isa = PBXFileReference; fileEncoding = 4; lastKnownFileType = sourcecode.swift; path = LTTabView.swift; sourceTree = "<group>"; };
		FAC1E20E1BAC334B000CA886 /* LTTabViewItem.swift */ = {isa = PBXFileReference; fileEncoding = 4; lastKnownFileType = sourcecode.swift; path = LTTabViewItem.swift; sourceTree = "<group>"; };
		FAD6BBDB1B66505500C93AC4 /* Options.plist */ = {isa = PBXFileReference; fileEncoding = 4; lastKnownFileType = text.plist.xml; path = Options.plist; sourceTree = "<group>"; };
		FAD6BBDD1B6651B000C93AC4 /* OptionManager.swift */ = {isa = PBXFileReference; fileEncoding = 4; lastKnownFileType = sourcecode.swift; path = OptionManager.swift; sourceTree = "<group>"; };
		FADFC4131B62552B001A8124 /* Options.xib */ = {isa = PBXFileReference; fileEncoding = 4; lastKnownFileType = file.xib; path = Options.xib; sourceTree = "<group>"; };
		FADFC4151B6258B6001A8124 /* OptionWindowController.swift */ = {isa = PBXFileReference; fileEncoding = 4; lastKnownFileType = sourcecode.swift; path = OptionWindowController.swift; sourceTree = "<group>"; };
/* End PBXFileReference section */

/* Begin PBXFrameworksBuildPhase section */
		BCB66CF91B3287EE008AFB75 /* Frameworks */ = {
			isa = PBXFrameworksBuildPhase;
			buildActionMask = 2147483647;
			files = (
			);
			runOnlyForDeploymentPostprocessing = 0;
		};
		BCB66D091B3287EE008AFB75 /* Frameworks */ = {
			isa = PBXFrameworksBuildPhase;
			buildActionMask = 2147483647;
			files = (
			);
			runOnlyForDeploymentPostprocessing = 0;
		};
/* End PBXFrameworksBuildPhase section */

/* Begin PBXGroup section */
		BC40884F1B6252F700E54711 /* Session File */ = {
			isa = PBXGroup;
			children = (
				BC4088501B62542B00E54711 /* SessionProfile.swift */,
				BC40BCDF1B625A4E007D9FF9 /* SessionProfileManager.swift */,
				BC56D4211BA0871F009AA7AB /* BaseProfile.swift */,
				BC56D4241BA08BB9009AA7AB /* DefaultProfile.swift */,
				BC56D4291BA09E82009AA7AB /* OptionProfile.swift */,
			);
			name = "Session File";
			sourceTree = "<group>";
		};
		BC40BCE21B626F17007D9FF9 /* mocks */ = {
			isa = PBXGroup;
			children = (
				BC40BCE41B626F73007D9FF9 /* local.lit */,
				BC40BCE51B626F73007D9FF9 /* ssh.lit */,
				BC40BCE61B626F73007D9FF9 /* telnet.lit */,
			);
			name = mocks;
			sourceTree = "<group>";
		};
		BC56D42E1BA49DE1009AA7AB /* Utils */ = {
			isa = PBXGroup;
			children = (
				BC56D42F1BA49E14009AA7AB /* PathUtils.swift */,
				BC56D4321BA4A7F0009AA7AB /* TestPathUtils.swift */,
			);
			name = Utils;
			sourceTree = "<group>";
		};
		BCAE49811B8F3B91008D8CBA /* Library */ = {
			isa = PBXGroup;
			children = (
				BCAE49821B8F3BA9008D8CBA /* SWXMLHash */,
			);
			name = Library;
			sourceTree = "<group>";
		};
		BCAE49821B8F3BA9008D8CBA /* SWXMLHash */ = {
			isa = PBXGroup;
			children = (
				BCAE49831B8F3BC6008D8CBA /* SWXMLHash.h */,
				BCAE49841B8F3BC6008D8CBA /* SWXMLHash.swift */,
			);
			name = SWXMLHash;
			sourceTree = "<group>";
		};
		BCB66CF31B3287EE008AFB75 = {
			isa = PBXGroup;
			children = (
				BC56D42E1BA49DE1009AA7AB /* Utils */,
				BCAE49811B8F3B91008D8CBA /* Library */,
				BC40884F1B6252F700E54711 /* Session File */,
				BCB66CFE1B3287EE008AFB75 /* lightterm */,
				BCB66D0F1B3287EE008AFB75 /* lighttermTests */,
				BCB66CFD1B3287EE008AFB75 /* Products */,
			);
			sourceTree = "<group>";
		};
		BCB66CFD1B3287EE008AFB75 /* Products */ = {
			isa = PBXGroup;
			children = (
				BCB66CFC1B3287EE008AFB75 /* lightterm.app */,
				BCB66D0C1B3287EE008AFB75 /* lighttermTests.xctest */,
			);
			name = Products;
			sourceTree = "<group>";
		};
		BCB66CFE1B3287EE008AFB75 /* lightterm */ = {
			isa = PBXGroup;
			children = (
				BC06C4D31B3427D200CA6D44 /* TerminalView.swift */,
				BCB66D011B3287EE008AFB75 /* AppDelegate.swift */,
				BCB66D031B3287EE008AFB75 /* Images.xcassets */,
				BCB66D051B3287EE008AFB75 /* MainMenu.xib */,
				BCB66CFF1B3287EE008AFB75 /* Supporting Files */,
				BC57DF071B46CA59008B7A75 /* SessionDetail.xib */,
				BC57DF0B1B46D307008B7A75 /* Session.swift */,
				BC57DF0F1B46D650008B7A75 /* SessionDetailWindow.swift */,
				BC4BB5FB1B4FEAE500D2956A /* SessionDetailWindowController.swift */,
				FADFC4131B62552B001A8124 /* Options.xib */,
				FADFC4151B6258B6001A8124 /* OptionWindowController.swift */,
				FAD6BBDD1B6651B000C93AC4 /* OptionManager.swift */,
				FAC1E2051BAC320A000CA886 /* LTTabViewController.xib */,
				FAC1E2041BAC320A000CA886 /* LTTabViewController.swift */,
				FAC1E20A1BAC328C000CA886 /* LTTabView.swift */,
				FAC1E20E1BAC334B000CA886 /* LTTabViewItem.swift */,
			);
			path = lightterm;
			sourceTree = "<group>";
		};
		BCB66CFF1B3287EE008AFB75 /* Supporting Files */ = {
			isa = PBXGroup;
			children = (
				BCB66D001B3287EE008AFB75 /* Info.plist */,
				FAD6BBDB1B66505500C93AC4 /* Options.plist */,
			);
			name = "Supporting Files";
			sourceTree = "<group>";
		};
		BCB66D0F1B3287EE008AFB75 /* lighttermTests */ = {
			isa = PBXGroup;
			children = (
				BC40BCE21B626F17007D9FF9 /* mocks */,
				BCB66D121B3287EE008AFB75 /* lighttermTests.swift */,
				BCB66D101B3287EE008AFB75 /* Supporting Files */,
				BC40BCDC1B62558A007D9FF9 /* SessionProfileTests.swift */,
				BC56D4271BA099A6009AA7AB /* DefaultProfileTests.swift */,
				BC40BCEA1B663D3F007D9FF9 /* SessionProfileManagerTests.swift */,
				BC56D42C1BA49C12009AA7AB /* OptionProfileTests.swift */,
			);
			path = lighttermTests;
			sourceTree = "<group>";
		};
		BCB66D101B3287EE008AFB75 /* Supporting Files */ = {
			isa = PBXGroup;
			children = (
				BCB66D111B3287EE008AFB75 /* Info.plist */,
			);
			name = "Supporting Files";
			sourceTree = "<group>";
		};
/* End PBXGroup section */

/* Begin PBXNativeTarget section */
		BCB66CFB1B3287EE008AFB75 /* lightterm */ = {
			isa = PBXNativeTarget;
			buildConfigurationList = BCB66D161B3287EE008AFB75 /* Build configuration list for PBXNativeTarget "lightterm" */;
			buildPhases = (
				BCB66CF81B3287EE008AFB75 /* Sources */,
				BCB66CF91B3287EE008AFB75 /* Frameworks */,
				BCB66CFA1B3287EE008AFB75 /* Resources */,
			);
			buildRules = (
			);
			dependencies = (
			);
			name = lightterm;
			productName = lightterm;
			productReference = BCB66CFC1B3287EE008AFB75 /* lightterm.app */;
			productType = "com.apple.product-type.application";
		};
		BCB66D0B1B3287EE008AFB75 /* lighttermTests */ = {
			isa = PBXNativeTarget;
			buildConfigurationList = BCB66D191B3287EE008AFB75 /* Build configuration list for PBXNativeTarget "lighttermTests" */;
			buildPhases = (
				BCB66D081B3287EE008AFB75 /* Sources */,
				BCB66D091B3287EE008AFB75 /* Frameworks */,
				BCB66D0A1B3287EE008AFB75 /* Resources */,
			);
			buildRules = (
			);
			dependencies = (
				BCB66D0E1B3287EE008AFB75 /* PBXTargetDependency */,
			);
			name = lighttermTests;
			productName = lighttermTests;
			productReference = BCB66D0C1B3287EE008AFB75 /* lighttermTests.xctest */;
			productType = "com.apple.product-type.bundle.unit-test";
		};
/* End PBXNativeTarget section */

/* Begin PBXProject section */
		BCB66CF41B3287EE008AFB75 /* Project object */ = {
			isa = PBXProject;
			attributes = {
				LastUpgradeCheck = 0630;
				ORGANIZATIONNAME = Netsarang;
				TargetAttributes = {
					BCB66CFB1B3287EE008AFB75 = {
						CreatedOnToolsVersion = 6.3.2;
					};
					BCB66D0B1B3287EE008AFB75 = {
						CreatedOnToolsVersion = 6.3.2;
						TestTargetID = BCB66CFB1B3287EE008AFB75;
					};
				};
			};
			buildConfigurationList = BCB66CF71B3287EE008AFB75 /* Build configuration list for PBXProject "lightterm" */;
			compatibilityVersion = "Xcode 3.2";
			developmentRegion = English;
			hasScannedForEncodings = 0;
			knownRegions = (
				en,
				Base,
			);
			mainGroup = BCB66CF31B3287EE008AFB75;
			productRefGroup = BCB66CFD1B3287EE008AFB75 /* Products */;
			projectDirPath = "";
			projectRoot = "";
			targets = (
				BCB66CFB1B3287EE008AFB75 /* lightterm */,
				BCB66D0B1B3287EE008AFB75 /* lighttermTests */,
			);
		};
/* End PBXProject section */

/* Begin PBXResourcesBuildPhase section */
		BCB66CFA1B3287EE008AFB75 /* Resources */ = {
			isa = PBXResourcesBuildPhase;
			buildActionMask = 2147483647;
			files = (
				FAC1E2071BAC320A000CA886 /* LTTabViewController.xib in Resources */,
				FADFC4141B62552B001A8124 /* Options.xib in Resources */,
				BCB66D041B3287EE008AFB75 /* Images.xcassets in Resources */,
				BC57DF081B46CA59008B7A75 /* SessionDetail.xib in Resources */,
				FAD6BBDC1B66505500C93AC4 /* Options.plist in Resources */,
				BCB66D071B3287EE008AFB75 /* MainMenu.xib in Resources */,
			);
			runOnlyForDeploymentPostprocessing = 0;
		};
		BCB66D0A1B3287EE008AFB75 /* Resources */ = {
			isa = PBXResourcesBuildPhase;
			buildActionMask = 2147483647;
			files = (
				BC40BCE81B626F73007D9FF9 /* ssh.lit in Resources */,
				BC40BCE91B626F73007D9FF9 /* telnet.lit in Resources */,
				BC40BCE71B626F73007D9FF9 /* local.lit in Resources */,
			);
			runOnlyForDeploymentPostprocessing = 0;
		};
/* End PBXResourcesBuildPhase section */

/* Begin PBXSourcesBuildPhase section */
		BCB66CF81B3287EE008AFB75 /* Sources */ = {
			isa = PBXSourcesBuildPhase;
			buildActionMask = 2147483647;
			files = (
				FAC1E20B1BAC328C000CA886 /* LTTabView.swift in Sources */,
				BC4088511B62542B00E54711 /* SessionProfile.swift in Sources */,
				BC06C4D41B3427D200CA6D44 /* TerminalView.swift in Sources */,
				FAD6BBDE1B6651B000C93AC4 /* OptionManager.swift in Sources */,
				BC56D42A1BA09E82009AA7AB /* OptionProfile.swift in Sources */,
				BC4BB5FD1B4FEAE500D2956A /* SessionDetailWindowController.swift in Sources */,
				FAC1E2061BAC320A000CA886 /* LTTabViewController.swift in Sources */,
				FADFC4161B6258B6001A8124 /* OptionWindowController.swift in Sources */,
				BCB66D021B3287EE008AFB75 /* AppDelegate.swift in Sources */,
				BC57DF0C1B46D307008B7A75 /* Session.swift in Sources */,
				BC40BCE01B625A4E007D9FF9 /* SessionProfileManager.swift in Sources */,
				FAC1E20F1BAC334B000CA886 /* LTTabViewItem.swift in Sources */,
				BCAE49851B8F3BC6008D8CBA /* SWXMLHash.swift in Sources */,
				BC57DF101B46D650008B7A75 /* SessionDetailWindow.swift in Sources */,
			);
			runOnlyForDeploymentPostprocessing = 0;
		};
		BCB66D081B3287EE008AFB75 /* Sources */ = {
			isa = PBXSourcesBuildPhase;
			buildActionMask = 2147483647;
			files = (
				BC56D4341BA4A7F0009AA7AB /* TestPathUtils.swift in Sources */,
				BC40BCDE1B62565D007D9FF9 /* SessionProfile.swift in Sources */,
				BCAE49861B8F3BF8008D8CBA /* SWXMLHash.swift in Sources */,
				BC56D42D1BA49C12009AA7AB /* OptionProfileTests.swift in Sources */,
				BC56D42B1BA09E82009AA7AB /* OptionProfile.swift in Sources */,
				BC40BCDD1B62558A007D9FF9 /* SessionProfileTests.swift in Sources */,
				BC56D4231BA0871F009AA7AB /* BaseProfile.swift in Sources */,
				BC40BCE11B625A4E007D9FF9 /* SessionProfileManager.swift in Sources */,
				BC56D4281BA099A6009AA7AB /* DefaultProfileTests.swift in Sources */,
				BC56D4261BA08BB9009AA7AB /* DefaultProfile.swift in Sources */,
				BC40BCEB1B663D3F007D9FF9 /* SessionProfileManagerTests.swift in Sources */,
				BCB66D131B3287EE008AFB75 /* lighttermTests.swift in Sources */,
			);
			runOnlyForDeploymentPostprocessing = 0;
		};
/* End PBXSourcesBuildPhase section */

/* Begin PBXTargetDependency section */
		BCB66D0E1B3287EE008AFB75 /* PBXTargetDependency */ = {
			isa = PBXTargetDependency;
			target = BCB66CFB1B3287EE008AFB75 /* lightterm */;
			targetProxy = BCB66D0D1B3287EE008AFB75 /* PBXContainerItemProxy */;
		};
/* End PBXTargetDependency section */

/* Begin PBXVariantGroup section */
		BCB66D051B3287EE008AFB75 /* MainMenu.xib */ = {
			isa = PBXVariantGroup;
			children = (
				BCB66D061B3287EE008AFB75 /* Base */,
			);
			name = MainMenu.xib;
			sourceTree = "<group>";
		};
/* End PBXVariantGroup section */

/* Begin XCBuildConfiguration section */
		BCB66D141B3287EE008AFB75 /* Debug */ = {
			isa = XCBuildConfiguration;
			buildSettings = {
				ALWAYS_SEARCH_USER_PATHS = NO;
				CLANG_CXX_LANGUAGE_STANDARD = "gnu++0x";
				CLANG_CXX_LIBRARY = "libc++";
				CLANG_ENABLE_MODULES = YES;
				CLANG_ENABLE_OBJC_ARC = YES;
				CLANG_WARN_BOOL_CONVERSION = YES;
				CLANG_WARN_CONSTANT_CONVERSION = YES;
				CLANG_WARN_DIRECT_OBJC_ISA_USAGE = YES_ERROR;
				CLANG_WARN_EMPTY_BODY = YES;
				CLANG_WARN_ENUM_CONVERSION = YES;
				CLANG_WARN_INT_CONVERSION = YES;
				CLANG_WARN_OBJC_ROOT_CLASS = YES_ERROR;
				CLANG_WARN_UNREACHABLE_CODE = YES;
				CLANG_WARN__DUPLICATE_METHOD_MATCH = YES;
				CODE_SIGN_IDENTITY = "-";
				COPY_PHASE_STRIP = NO;
				DEBUG_INFORMATION_FORMAT = dwarf;
				ENABLE_STRICT_OBJC_MSGSEND = YES;
				GCC_C_LANGUAGE_STANDARD = gnu99;
				GCC_DYNAMIC_NO_PIC = NO;
				GCC_NO_COMMON_BLOCKS = YES;
				GCC_OPTIMIZATION_LEVEL = 0;
				GCC_PREPROCESSOR_DEFINITIONS = (
					"DEBUG=1",
					"$(inherited)",
				);
				GCC_SYMBOLS_PRIVATE_EXTERN = NO;
				GCC_WARN_64_TO_32_BIT_CONVERSION = YES;
				GCC_WARN_ABOUT_RETURN_TYPE = YES_ERROR;
				GCC_WARN_UNDECLARED_SELECTOR = YES;
				GCC_WARN_UNINITIALIZED_AUTOS = YES_AGGRESSIVE;
				GCC_WARN_UNUSED_FUNCTION = YES;
				GCC_WARN_UNUSED_VARIABLE = YES;
				MACOSX_DEPLOYMENT_TARGET = 10.10;
				MTL_ENABLE_DEBUG_INFO = YES;
				ONLY_ACTIVE_ARCH = YES;
				SDKROOT = macosx;
				SWIFT_OPTIMIZATION_LEVEL = "-Onone";
			};
			name = Debug;
		};
		BCB66D151B3287EE008AFB75 /* Release */ = {
			isa = XCBuildConfiguration;
			buildSettings = {
				ALWAYS_SEARCH_USER_PATHS = NO;
				CLANG_CXX_LANGUAGE_STANDARD = "gnu++0x";
				CLANG_CXX_LIBRARY = "libc++";
				CLANG_ENABLE_MODULES = YES;
				CLANG_ENABLE_OBJC_ARC = YES;
				CLANG_WARN_BOOL_CONVERSION = YES;
				CLANG_WARN_CONSTANT_CONVERSION = YES;
				CLANG_WARN_DIRECT_OBJC_ISA_USAGE = YES_ERROR;
				CLANG_WARN_EMPTY_BODY = YES;
				CLANG_WARN_ENUM_CONVERSION = YES;
				CLANG_WARN_INT_CONVERSION = YES;
				CLANG_WARN_OBJC_ROOT_CLASS = YES_ERROR;
				CLANG_WARN_UNREACHABLE_CODE = YES;
				CLANG_WARN__DUPLICATE_METHOD_MATCH = YES;
				CODE_SIGN_IDENTITY = "-";
				COPY_PHASE_STRIP = NO;
				DEBUG_INFORMATION_FORMAT = "dwarf-with-dsym";
				ENABLE_NS_ASSERTIONS = NO;
				ENABLE_STRICT_OBJC_MSGSEND = YES;
				GCC_C_LANGUAGE_STANDARD = gnu99;
				GCC_NO_COMMON_BLOCKS = YES;
				GCC_WARN_64_TO_32_BIT_CONVERSION = YES;
				GCC_WARN_ABOUT_RETURN_TYPE = YES_ERROR;
				GCC_WARN_UNDECLARED_SELECTOR = YES;
				GCC_WARN_UNINITIALIZED_AUTOS = YES_AGGRESSIVE;
				GCC_WARN_UNUSED_FUNCTION = YES;
				GCC_WARN_UNUSED_VARIABLE = YES;
				MACOSX_DEPLOYMENT_TARGET = 10.10;
				MTL_ENABLE_DEBUG_INFO = NO;
				SDKROOT = macosx;
			};
			name = Release;
		};
		BCB66D171B3287EE008AFB75 /* Debug */ = {
			isa = XCBuildConfiguration;
			buildSettings = {
				ASSETCATALOG_COMPILER_APPICON_NAME = AppIcon;
				COMBINE_HIDPI_IMAGES = YES;
				INFOPLIST_FILE = lightterm/Info.plist;
				LD_RUNPATH_SEARCH_PATHS = "$(inherited) @executable_path/../Frameworks";
				PRODUCT_NAME = "$(TARGET_NAME)";
			};
			name = Debug;
		};
		BCB66D181B3287EE008AFB75 /* Release */ = {
			isa = XCBuildConfiguration;
			buildSettings = {
				ASSETCATALOG_COMPILER_APPICON_NAME = AppIcon;
				COMBINE_HIDPI_IMAGES = YES;
				INFOPLIST_FILE = lightterm/Info.plist;
				LD_RUNPATH_SEARCH_PATHS = "$(inherited) @executable_path/../Frameworks";
				PRODUCT_NAME = "$(TARGET_NAME)";
			};
			name = Release;
		};
		BCB66D1A1B3287EE008AFB75 /* Debug */ = {
			isa = XCBuildConfiguration;
			buildSettings = {
				BUNDLE_LOADER = "$(TEST_HOST)";
				COMBINE_HIDPI_IMAGES = YES;
				FRAMEWORK_SEARCH_PATHS = (
					"$(DEVELOPER_FRAMEWORKS_DIR)",
					"$(inherited)",
				);
				GCC_PREPROCESSOR_DEFINITIONS = (
					"DEBUG=1",
					"$(inherited)",
				);
				INFOPLIST_FILE = lighttermTests/Info.plist;
				LD_RUNPATH_SEARCH_PATHS = "$(inherited) @executable_path/../Frameworks @loader_path/../Frameworks";
				PRODUCT_NAME = "$(TARGET_NAME)";
				TEST_HOST = "$(BUILT_PRODUCTS_DIR)/lightterm.app/Contents/MacOS/lightterm";
			};
			name = Debug;
		};
		BCB66D1B1B3287EE008AFB75 /* Release */ = {
			isa = XCBuildConfiguration;
			buildSettings = {
				BUNDLE_LOADER = "$(TEST_HOST)";
				COMBINE_HIDPI_IMAGES = YES;
				FRAMEWORK_SEARCH_PATHS = (
					"$(DEVELOPER_FRAMEWORKS_DIR)",
					"$(inherited)",
				);
				INFOPLIST_FILE = lighttermTests/Info.plist;
				LD_RUNPATH_SEARCH_PATHS = "$(inherited) @executable_path/../Frameworks @loader_path/../Frameworks";
				PRODUCT_NAME = "$(TARGET_NAME)";
				TEST_HOST = "$(BUILT_PRODUCTS_DIR)/lightterm.app/Contents/MacOS/lightterm";
			};
			name = Release;
		};
/* End XCBuildConfiguration section */

/* Begin XCConfigurationList section */
		BCB66CF71B3287EE008AFB75 /* Build configuration list for PBXProject "lightterm" */ = {
			isa = XCConfigurationList;
			buildConfigurations = (
				BCB66D141B3287EE008AFB75 /* Debug */,
				BCB66D151B3287EE008AFB75 /* Release */,
			);
			defaultConfigurationIsVisible = 0;
			defaultConfigurationName = Release;
		};
		BCB66D161B3287EE008AFB75 /* Build configuration list for PBXNativeTarget "lightterm" */ = {
			isa = XCConfigurationList;
			buildConfigurations = (
				BCB66D171B3287EE008AFB75 /* Debug */,
				BCB66D181B3287EE008AFB75 /* Release */,
			);
			defaultConfigurationIsVisible = 0;
			defaultConfigurationName = Release;
		};
		BCB66D191B3287EE008AFB75 /* Build configuration list for PBXNativeTarget "lighttermTests" */ = {
			isa = XCConfigurationList;
			buildConfigurations = (
				BCB66D1A1B3287EE008AFB75 /* Debug */,
				BCB66D1B1B3287EE008AFB75 /* Release */,
			);
			defaultConfigurationIsVisible = 0;
			defaultConfigurationName = Release;
		};
/* End XCConfigurationList section */
	};
	rootObject = BCB66CF41B3287EE008AFB75 /* Project object */;
}
